
Microsoft Visual Studio Solution File, Format Version 12.00
# Visual Studio Version 16
VisualStudioVersion = 16.0.30717.126
MinimumVisualStudioVersion = 10.0.40219.1
Project("{FAE04EC0-301F-11D3-BF4B-00C04F79EFBC}") = "CrudUbicaciones", "CrudUbicaciones\CrudUbicaciones.csproj", "{D72CFA02-ECB0-4CA5-87D1-546546C22DDE}"
EndProject
Project("{FAE04EC0-301F-11D3-BF4B-00C04F79EFBC}") = "BLL", "DLL\BLL.csproj", "{0E17CBD5-7A56-495C-AE75-5DB3B58D133E}"
EndProject
Project("{FAE04EC0-301F-11D3-BF4B-00C04F79EFBC}") = "DAL", "DAL\DAL.csproj", "{8089317C-83DD-442E-956D-19754009BBD0}"
EndProject
Global
	GlobalSection(SolutionConfigurationPlatforms) = preSolution
		Debug|Any CPU = Debug|Any CPU
		Release|Any CPU = Release|Any CPU
	EndGlobalSection
	GlobalSection(ProjectConfigurationPlatforms) = postSolution
		{D72CFA02-ECB0-4CA5-87D1-546546C22DDE}.Debug|Any CPU.ActiveCfg = Debug|Any CPU
		{D72CFA02-ECB0-4CA5-87D1-546546C22DDE}.Debug|Any CPU.Build.0 = Debug|Any CPU
		{D72CFA02-ECB0-4CA5-87D1-546546C22DDE}.Release|Any CPU.ActiveCfg = Release|Any CPU
		{D72CFA02-ECB0-4CA5-87D1-546546C22DDE}.Release|Any CPU.Build.0 = Release|Any CPU
		{0E17CBD5-7A56-495C-AE75-5DB3B58D133E}.Debug|Any CPU.ActiveCfg = Debug|Any CPU
		{0E17CBD5-7A56-495C-AE75-5DB3B58D133E}.Debug|Any CPU.Build.0 = Debug|Any CPU
		{0E17CBD5-7A56-495C-AE75-5DB3B58D133E}.Release|Any CPU.ActiveCfg = Release|Any CPU
		{0E17CBD5-7A56-495C-AE75-5DB3B58D133E}.Release|Any CPU.Build.0 = Release|Any CPU
		{8089317C-83DD-442E-956D-19754009BBD0}.Debug|Any CPU.ActiveCfg = Debug|Any CPU
		{8089317C-83DD-442E-956D-19754009BBD0}.Debug|Any CPU.Build.0 = Debug|Any CPU
		{8089317C-83DD-442E-956D-19754009BBD0}.Release|Any CPU.ActiveCfg = Release|Any CPU
		{8089317C-83DD-442E-956D-19754009BBD0}.Release|Any CPU.Build.0 = Release|Any CPU
	EndGlobalSection
	GlobalSection(SolutionProperties) = preSolution
		HideSolutionNode = FALSE
	EndGlobalSection
	GlobalSection(ExtensibilityGlobals) = postSolution
		SolutionGuid = {4C975802-1A7B-44A0-97F9-948B35AD2365}
	EndGlobalSection
EndGlobal
